
Microsoft Visual Studio Solution File, Format Version 12.00
# Visual Studio Version 17
VisualStudioVersion = 17.6.33717.318
MinimumVisualStudioVersion = 10.0.40219.1
Project("{FAE04EC0-301F-11D3-BF4B-00C04F79EFBC}") = "TicTacToeLibrary", "TicTacToeLibrary\TicTacToeLibrary.csproj", "{87F47FDC-7EFF-4776-BD6F-5BF83A487DCB}"
EndProject
Project("{FAE04EC0-301F-11D3-BF4B-00C04F79EFBC}") = "TicTacToe", "TicTacToe\TicTacToe.csproj", "{9C045DEB-279A-4763-B232-C328FDF5EF18}"
EndProject
Global
	GlobalSection(SolutionConfigurationPlatforms) = preSolution
		Debug|Any CPU = Debug|Any CPU
		Release|Any CPU = Release|Any CPU
	EndGlobalSection
	GlobalSection(ProjectConfigurationPlatforms) = postSolution
		{87F47FDC-7EFF-4776-BD6F-5BF83A487DCB}.Debug|Any CPU.ActiveCfg = Debug|Any CPU
		{87F47FDC-7EFF-4776-BD6F-5BF83A487DCB}.Debug|Any CPU.Build.0 = Debug|Any CPU
		{87F47FDC-7EFF-4776-BD6F-5BF83A487DCB}.Release|Any CPU.ActiveCfg = Release|Any CPU
		{87F47FDC-7EFF-4776-BD6F-5BF83A487DCB}.Release|Any CPU.Build.0 = Release|Any CPU
		{9C045DEB-279A-4763-B232-C328FDF5EF18}.Debug|Any CPU.ActiveCfg = Debug|Any CPU
		{9C045DEB-279A-4763-B232-C328FDF5EF18}.Debug|Any CPU.Build.0 = Debug|Any CPU
		{9C045DEB-279A-4763-B232-C328FDF5EF18}.Release|Any CPU.ActiveCfg = Release|Any CPU
		{9C045DEB-279A-4763-B232-C328FDF5EF18}.Release|Any CPU.Build.0 = Release|Any CPU
	EndGlobalSection
	GlobalSection(SolutionProperties) = preSolution
		HideSolutionNode = FALSE
	EndGlobalSection
	GlobalSection(ExtensibilityGlobals) = postSolution
		SolutionGuid = {C521DD50-52E9-44A3-852C-F3C568821ADA}
	EndGlobalSection
EndGlobal
